
Microsoft Visual Studio Solution File, Format Version 12.00
Project("{2150E333-8FDC-42A3-9474-1A3956D46DE8}") = "DOC", "DOC", "{8E9CC5EA-3C1C-46BA-B326-DBA741082434}"
	ProjectSection(SolutionItems) = preProject
		DOC\.NET.md = DOC\.NET.md
		DOC\ASP.NET Core.md = DOC\ASP.NET Core.md
		DOC\C#.md = DOC\C#.md
		DOC\EF Core.md = DOC\EF Core.md
		DOC\NuGet.md = DOC\NuGet.md
		DOC\Rider Settings.md = DOC\Rider Settings.md
		DOC\Rider Shortcuts.md = DOC\Rider Shortcuts.md
		DOC\VS Code Settings.md = DOC\VS Code Settings.md
		DOC\VS Code Shortcuts.md = DOC\VS Code Shortcuts.md
		DOC\VS Features.md = DOC\VS Features.md
		DOC\VS Settings.md = DOC\VS Settings.md
		DOC\VS Shortcuts.md = DOC\VS Shortcuts.md
	EndProjectSection
EndProject
Project("{2150E333-8FDC-42A3-9474-1A3956D46DE8}") = "Shows", "Shows", "{B24F4713-6963-4CA4-99D2-BB801C15467F}"
EndProject
Project("{FAE04EC0-301F-11D3-BF4B-00C04F79EFBC}") = "ContosoCrafts.WebSite", "Shows\ContosoCrafts.WebSite\ContosoCrafts.WebSite.csproj", "{E53936FE-BCAF-4C63-A06B-9FCC1B8A83F6}"
EndProject
Project("{2150E333-8FDC-42A3-9474-1A3956D46DE8}") = "MySuperBank", "MySuperBank", "{8CBB0141-6BFF-4E67-9E96-426F610460F6}"
	ProjectSection(SolutionItems) = preProject
		Shows\MySuperBank\README.md = Shows\MySuperBank\README.md
	EndProjectSection
EndProject
Project("{FAE04EC0-301F-11D3-BF4B-00C04F79EFBC}") = "BankingTests", "Shows\MySuperBank\BankingTests\BankingTests.csproj", "{15E0D021-B17F-4DC0-9252-E5F8186E8C4D}"
EndProject
Project("{FAE04EC0-301F-11D3-BF4B-00C04F79EFBC}") = "BankyStuffLibrary", "Shows\MySuperBank\BankyStuffLibrary\BankyStuffLibrary.csproj", "{DC55B22F-3F6A-4863-92B4-905CE98D12AE}"
EndProject
Project("{FAE04EC0-301F-11D3-BF4B-00C04F79EFBC}") = "MySuperBank", "Shows\MySuperBank\MySuperBank\MySuperBank.csproj", "{7A4711D2-7512-48E6-8003-96FEB7AABA27}"
EndProject
Project("{2150E333-8FDC-42A3-9474-1A3956D46DE8}") = "Training", "Training", "{2747AAFD-F29C-41D2-BBE9-7A3A99646E62}"
EndProject
Project("{FAE04EC0-301F-11D3-BF4B-00C04F79EFBC}") = "ContosoPizza", "Training\ContosoPizza\ContosoPizza.csproj", "{75B1A898-2F46-4BD0-9638-9EAFC1EF3E07}"
EndProject
Project("{FAE04EC0-301F-11D3-BF4B-00C04F79EFBC}") = "PizzaStore", "Training\PizzaStore\PizzaStore.csproj", "{5F8AA25A-1D16-4852-904F-CC65887496D1}"
EndProject
Project("{2150E333-8FDC-42A3-9474-1A3956D46DE8}") = "Tutorial", "Tutorial", "{CEC56004-9FA5-4FBB-AAED-A04D3DF39A71}"
EndProject
Project("{FAE04EC0-301F-11D3-BF4B-00C04F79EFBC}") = "HelloWorld", "Tutorial\HelloWorld\HelloWorld.csproj", "{9CC9E647-61FC-498C-95F8-A67E6F991979}"
EndProject
Project("{2150E333-8FDC-42A3-9474-1A3956D46DE8}") = "dotnet", "dotnet", "{B7969BF8-EA0C-4AC7-BE24-30E836E1F5A1}"
	ProjectSection(SolutionItems) = preProject
		dotnet\global.json = dotnet\global.json
	EndProjectSection
EndProject
Project("{FAE04EC0-301F-11D3-BF4B-00C04F79EFBC}") = "dotnet", "dotnet\dotnet\dotnet.csproj", "{21D9EDAF-BA90-4A29-9A25-82DBD0E8D572}"
EndProject
Project("{FAE04EC0-301F-11D3-BF4B-00C04F79EFBC}") = "dotnetTest", "dotnet\dotnetTest\dotnetTest.csproj", "{F6490A0F-6E1F-4229-AE9F-90C00E957E6F}"
EndProject
Global
	GlobalSection(SolutionConfigurationPlatforms) = preSolution
		Debug|Any CPU = Debug|Any CPU
		Release|Any CPU = Release|Any CPU
	EndGlobalSection
	GlobalSection(NestedProjects) = preSolution
		{E53936FE-BCAF-4C63-A06B-9FCC1B8A83F6} = {B24F4713-6963-4CA4-99D2-BB801C15467F}
		{8CBB0141-6BFF-4E67-9E96-426F610460F6} = {B24F4713-6963-4CA4-99D2-BB801C15467F}
		{15E0D021-B17F-4DC0-9252-E5F8186E8C4D} = {8CBB0141-6BFF-4E67-9E96-426F610460F6}
		{DC55B22F-3F6A-4863-92B4-905CE98D12AE} = {8CBB0141-6BFF-4E67-9E96-426F610460F6}
		{7A4711D2-7512-48E6-8003-96FEB7AABA27} = {8CBB0141-6BFF-4E67-9E96-426F610460F6}
		{75B1A898-2F46-4BD0-9638-9EAFC1EF3E07} = {2747AAFD-F29C-41D2-BBE9-7A3A99646E62}
		{5F8AA25A-1D16-4852-904F-CC65887496D1} = {2747AAFD-F29C-41D2-BBE9-7A3A99646E62}
		{9CC9E647-61FC-498C-95F8-A67E6F991979} = {CEC56004-9FA5-4FBB-AAED-A04D3DF39A71}
		{21D9EDAF-BA90-4A29-9A25-82DBD0E8D572} = {B7969BF8-EA0C-4AC7-BE24-30E836E1F5A1}
		{F6490A0F-6E1F-4229-AE9F-90C00E957E6F} = {B7969BF8-EA0C-4AC7-BE24-30E836E1F5A1}
	EndGlobalSection
	GlobalSection(ProjectConfigurationPlatforms) = postSolution
		{E53936FE-BCAF-4C63-A06B-9FCC1B8A83F6}.Debug|Any CPU.ActiveCfg = Debug|Any CPU
		{E53936FE-BCAF-4C63-A06B-9FCC1B8A83F6}.Debug|Any CPU.Build.0 = Debug|Any CPU
		{E53936FE-BCAF-4C63-A06B-9FCC1B8A83F6}.Release|Any CPU.ActiveCfg = Release|Any CPU
		{E53936FE-BCAF-4C63-A06B-9FCC1B8A83F6}.Release|Any CPU.Build.0 = Release|Any CPU
		{15E0D021-B17F-4DC0-9252-E5F8186E8C4D}.Debug|Any CPU.ActiveCfg = Debug|Any CPU
		{15E0D021-B17F-4DC0-9252-E5F8186E8C4D}.Debug|Any CPU.Build.0 = Debug|Any CPU
		{15E0D021-B17F-4DC0-9252-E5F8186E8C4D}.Release|Any CPU.ActiveCfg = Release|Any CPU
		{15E0D021-B17F-4DC0-9252-E5F8186E8C4D}.Release|Any CPU.Build.0 = Release|Any CPU
		{DC55B22F-3F6A-4863-92B4-905CE98D12AE}.Debug|Any CPU.ActiveCfg = Debug|Any CPU
		{DC55B22F-3F6A-4863-92B4-905CE98D12AE}.Debug|Any CPU.Build.0 = Debug|Any CPU
		{DC55B22F-3F6A-4863-92B4-905CE98D12AE}.Release|Any CPU.ActiveCfg = Release|Any CPU
		{DC55B22F-3F6A-4863-92B4-905CE98D12AE}.Release|Any CPU.Build.0 = Release|Any CPU
		{7A4711D2-7512-48E6-8003-96FEB7AABA27}.Debug|Any CPU.ActiveCfg = Debug|Any CPU
		{7A4711D2-7512-48E6-8003-96FEB7AABA27}.Debug|Any CPU.Build.0 = Debug|Any CPU
		{7A4711D2-7512-48E6-8003-96FEB7AABA27}.Release|Any CPU.ActiveCfg = Release|Any CPU
		{7A4711D2-7512-48E6-8003-96FEB7AABA27}.Release|Any CPU.Build.0 = Release|Any CPU
		{75B1A898-2F46-4BD0-9638-9EAFC1EF3E07}.Debug|Any CPU.ActiveCfg = Debug|Any CPU
		{75B1A898-2F46-4BD0-9638-9EAFC1EF3E07}.Debug|Any CPU.Build.0 = Debug|Any CPU
		{75B1A898-2F46-4BD0-9638-9EAFC1EF3E07}.Release|Any CPU.ActiveCfg = Release|Any CPU
		{75B1A898-2F46-4BD0-9638-9EAFC1EF3E07}.Release|Any CPU.Build.0 = Release|Any CPU
		{5F8AA25A-1D16-4852-904F-CC65887496D1}.Debug|Any CPU.ActiveCfg = Debug|Any CPU
		{5F8AA25A-1D16-4852-904F-CC65887496D1}.Debug|Any CPU.Build.0 = Debug|Any CPU
		{5F8AA25A-1D16-4852-904F-CC65887496D1}.Release|Any CPU.ActiveCfg = Release|Any CPU
		{5F8AA25A-1D16-4852-904F-CC65887496D1}.Release|Any CPU.Build.0 = Release|Any CPU
		{9CC9E647-61FC-498C-95F8-A67E6F991979}.Debug|Any CPU.ActiveCfg = Debug|Any CPU
		{9CC9E647-61FC-498C-95F8-A67E6F991979}.Debug|Any CPU.Build.0 = Debug|Any CPU
		{9CC9E647-61FC-498C-95F8-A67E6F991979}.Release|Any CPU.ActiveCfg = Release|Any CPU
		{9CC9E647-61FC-498C-95F8-A67E6F991979}.Release|Any CPU.Build.0 = Release|Any CPU
		{21D9EDAF-BA90-4A29-9A25-82DBD0E8D572}.Debug|Any CPU.ActiveCfg = Debug|Any CPU
		{21D9EDAF-BA90-4A29-9A25-82DBD0E8D572}.Debug|Any CPU.Build.0 = Debug|Any CPU
		{21D9EDAF-BA90-4A29-9A25-82DBD0E8D572}.Release|Any CPU.ActiveCfg = Release|Any CPU
		{21D9EDAF-BA90-4A29-9A25-82DBD0E8D572}.Release|Any CPU.Build.0 = Release|Any CPU
		{F6490A0F-6E1F-4229-AE9F-90C00E957E6F}.Debug|Any CPU.ActiveCfg = Debug|Any CPU
		{F6490A0F-6E1F-4229-AE9F-90C00E957E6F}.Debug|Any CPU.Build.0 = Debug|Any CPU
		{F6490A0F-6E1F-4229-AE9F-90C00E957E6F}.Release|Any CPU.ActiveCfg = Release|Any CPU
		{F6490A0F-6E1F-4229-AE9F-90C00E957E6F}.Release|Any CPU.Build.0 = Release|Any CPU
	EndGlobalSection
EndGlobal
