
Microsoft Visual Studio Solution File, Format Version 12.00
Project("{2150E333-8FDC-42A3-9474-1A3956D46DE8}") = "DOC", "DOC", "{8E9CC5EA-3C1C-46BA-B326-DBA741082434}"
	ProjectSection(SolutionItems) = preProject
		DOC\.NET.md = DOC\.NET.md
		DOC\ASP.NET Core.md = DOC\ASP.NET Core.md
		DOC\C#.md = DOC\C#.md
		DOC\EF Core.md = DOC\EF Core.md
		DOC\NuGet.md = DOC\NuGet.md
		DOC\Rider Settings.md = DOC\Rider Settings.md
		DOC\Rider Shortcuts.md = DOC\Rider Shortcuts.md
		DOC\VS Features.md = DOC\VS Features.md
		DOC\VS Settings.md = DOC\VS Settings.md
		DOC\VS Shortcuts.md = DOC\VS Shortcuts.md
	EndProjectSection
EndProject
Project("{2150E333-8FDC-42A3-9474-1A3956D46DE8}") = "Shows", "Shows", "{B24F4713-6963-4CA4-99D2-BB801C15467F}"
EndProject
Project("{2150E333-8FDC-42A3-9474-1A3956D46DE8}") = "Training", "Training", "{2747AAFD-F29C-41D2-BBE9-7A3A99646E62}"
	ProjectSection(SolutionItems) = preProject
		Training\VS Code Debugging Tools for C#.md = Training\VS Code Debugging Tools for C#.md
	EndProjectSection
EndProject
Project("{FAE04EC0-301F-11D3-BF4B-00C04F79EFBC}") = "ContosoPizza", "Training\ContosoPizza\ContosoPizza.csproj", "{75B1A898-2F46-4BD0-9638-9EAFC1EF3E07}"
EndProject
Project("{FAE04EC0-301F-11D3-BF4B-00C04F79EFBC}") = "PizzaStore", "Training\PizzaStore\PizzaStore.csproj", "{5F8AA25A-1D16-4852-904F-CC65887496D1}"
EndProject
Project("{2150E333-8FDC-42A3-9474-1A3956D46DE8}") = "Tutorial", "Tutorial", "{CEC56004-9FA5-4FBB-AAED-A04D3DF39A71}"
	ProjectSection(SolutionItems) = preProject
		Tutorial\Tutorial.md = Tutorial\Tutorial.md
	EndProjectSection
EndProject
Project("{2150E333-8FDC-42A3-9474-1A3956D46DE8}") = "dotnet", "dotnet", "{B7969BF8-EA0C-4AC7-BE24-30E836E1F5A1}"
	ProjectSection(SolutionItems) = preProject
		dotnet\global.json = dotnet\global.json
	EndProjectSection
EndProject
Project("{FAE04EC0-301F-11D3-BF4B-00C04F79EFBC}") = "dotnet", "dotnet\dotnet\dotnet.csproj", "{21D9EDAF-BA90-4A29-9A25-82DBD0E8D572}"
EndProject
Project("{FAE04EC0-301F-11D3-BF4B-00C04F79EFBC}") = "dotnetTest", "dotnet\dotnetTest\dotnetTest.csproj", "{F6490A0F-6E1F-4229-AE9F-90C00E957E6F}"
EndProject
Project("{2150E333-8FDC-42A3-9474-1A3956D46DE8}") = ".NetCore101", ".NetCore101", "{BA1C1DF1-A393-4392-B4B6-DE3B0267025E}"
	ProjectSection(SolutionItems) = preProject
		Shows\.NetCore101\README.md = Shows\.NetCore101\README.md
	EndProjectSection
EndProject
Project("{FAE04EC0-301F-11D3-BF4B-00C04F79EFBC}") = "BankyStuffLibrary", "Shows\.NetCore101\BankyStuffLibrary\BankyStuffLibrary.csproj", "{79458E5F-8E21-4535-9193-31FD1AA8CD1A}"
EndProject
Project("{FAE04EC0-301F-11D3-BF4B-00C04F79EFBC}") = "BankingTests", "Shows\.NetCore101\BankingTests\BankingTests.csproj", "{0E76D3CA-FD90-43DB-81CA-F2CD6B3F11B0}"
EndProject
Project("{FAE04EC0-301F-11D3-BF4B-00C04F79EFBC}") = "MySuperBank", "Shows\.NetCore101\MySuperBank\MySuperBank.csproj", "{51BC2997-37CE-4654-9EB5-C405C6F5EDAC}"
EndProject
Project("{2150E333-8FDC-42A3-9474-1A3956D46DE8}") = "Asp.NetCore101", "Asp.NetCore101", "{B0A81B8E-AF42-49F2-B7D0-815AD531A6F3}"
EndProject
Project("{FAE04EC0-301F-11D3-BF4B-00C04F79EFBC}") = "ContosoCrafts.WebSite", "Shows\Asp.NetCore101\ContosoCrafts.WebSite\ContosoCrafts.WebSite.csproj", "{88893A73-6B68-402A-AF23-0923F7AEADA5}"
EndProject
Global
	GlobalSection(SolutionConfigurationPlatforms) = preSolution
		Debug|Any CPU = Debug|Any CPU
		Release|Any CPU = Release|Any CPU
	EndGlobalSection
	GlobalSection(NestedProjects) = preSolution
		{75B1A898-2F46-4BD0-9638-9EAFC1EF3E07} = {2747AAFD-F29C-41D2-BBE9-7A3A99646E62}
		{5F8AA25A-1D16-4852-904F-CC65887496D1} = {2747AAFD-F29C-41D2-BBE9-7A3A99646E62}
		{21D9EDAF-BA90-4A29-9A25-82DBD0E8D572} = {B7969BF8-EA0C-4AC7-BE24-30E836E1F5A1}
		{F6490A0F-6E1F-4229-AE9F-90C00E957E6F} = {B7969BF8-EA0C-4AC7-BE24-30E836E1F5A1}
		{BA1C1DF1-A393-4392-B4B6-DE3B0267025E} = {B24F4713-6963-4CA4-99D2-BB801C15467F}
		{79458E5F-8E21-4535-9193-31FD1AA8CD1A} = {BA1C1DF1-A393-4392-B4B6-DE3B0267025E}
		{0E76D3CA-FD90-43DB-81CA-F2CD6B3F11B0} = {BA1C1DF1-A393-4392-B4B6-DE3B0267025E}
		{51BC2997-37CE-4654-9EB5-C405C6F5EDAC} = {BA1C1DF1-A393-4392-B4B6-DE3B0267025E}
		{B0A81B8E-AF42-49F2-B7D0-815AD531A6F3} = {B24F4713-6963-4CA4-99D2-BB801C15467F}
		{88893A73-6B68-402A-AF23-0923F7AEADA5} = {B0A81B8E-AF42-49F2-B7D0-815AD531A6F3}
	EndGlobalSection
	GlobalSection(ProjectConfigurationPlatforms) = postSolution
		{75B1A898-2F46-4BD0-9638-9EAFC1EF3E07}.Debug|Any CPU.ActiveCfg = Debug|Any CPU
		{75B1A898-2F46-4BD0-9638-9EAFC1EF3E07}.Debug|Any CPU.Build.0 = Debug|Any CPU
		{75B1A898-2F46-4BD0-9638-9EAFC1EF3E07}.Release|Any CPU.ActiveCfg = Release|Any CPU
		{75B1A898-2F46-4BD0-9638-9EAFC1EF3E07}.Release|Any CPU.Build.0 = Release|Any CPU
		{5F8AA25A-1D16-4852-904F-CC65887496D1}.Debug|Any CPU.ActiveCfg = Debug|Any CPU
		{5F8AA25A-1D16-4852-904F-CC65887496D1}.Debug|Any CPU.Build.0 = Debug|Any CPU
		{5F8AA25A-1D16-4852-904F-CC65887496D1}.Release|Any CPU.ActiveCfg = Release|Any CPU
		{5F8AA25A-1D16-4852-904F-CC65887496D1}.Release|Any CPU.Build.0 = Release|Any CPU
		{21D9EDAF-BA90-4A29-9A25-82DBD0E8D572}.Debug|Any CPU.ActiveCfg = Debug|Any CPU
		{21D9EDAF-BA90-4A29-9A25-82DBD0E8D572}.Debug|Any CPU.Build.0 = Debug|Any CPU
		{21D9EDAF-BA90-4A29-9A25-82DBD0E8D572}.Release|Any CPU.ActiveCfg = Release|Any CPU
		{21D9EDAF-BA90-4A29-9A25-82DBD0E8D572}.Release|Any CPU.Build.0 = Release|Any CPU
		{F6490A0F-6E1F-4229-AE9F-90C00E957E6F}.Debug|Any CPU.ActiveCfg = Debug|Any CPU
		{F6490A0F-6E1F-4229-AE9F-90C00E957E6F}.Debug|Any CPU.Build.0 = Debug|Any CPU
		{F6490A0F-6E1F-4229-AE9F-90C00E957E6F}.Release|Any CPU.ActiveCfg = Release|Any CPU
		{F6490A0F-6E1F-4229-AE9F-90C00E957E6F}.Release|Any CPU.Build.0 = Release|Any CPU
		{79458E5F-8E21-4535-9193-31FD1AA8CD1A}.Debug|Any CPU.ActiveCfg = Debug|Any CPU
		{79458E5F-8E21-4535-9193-31FD1AA8CD1A}.Debug|Any CPU.Build.0 = Debug|Any CPU
		{79458E5F-8E21-4535-9193-31FD1AA8CD1A}.Release|Any CPU.ActiveCfg = Release|Any CPU
		{79458E5F-8E21-4535-9193-31FD1AA8CD1A}.Release|Any CPU.Build.0 = Release|Any CPU
		{0E76D3CA-FD90-43DB-81CA-F2CD6B3F11B0}.Debug|Any CPU.ActiveCfg = Debug|Any CPU
		{0E76D3CA-FD90-43DB-81CA-F2CD6B3F11B0}.Debug|Any CPU.Build.0 = Debug|Any CPU
		{0E76D3CA-FD90-43DB-81CA-F2CD6B3F11B0}.Release|Any CPU.ActiveCfg = Release|Any CPU
		{0E76D3CA-FD90-43DB-81CA-F2CD6B3F11B0}.Release|Any CPU.Build.0 = Release|Any CPU
		{51BC2997-37CE-4654-9EB5-C405C6F5EDAC}.Debug|Any CPU.ActiveCfg = Debug|Any CPU
		{51BC2997-37CE-4654-9EB5-C405C6F5EDAC}.Debug|Any CPU.Build.0 = Debug|Any CPU
		{51BC2997-37CE-4654-9EB5-C405C6F5EDAC}.Release|Any CPU.ActiveCfg = Release|Any CPU
		{51BC2997-37CE-4654-9EB5-C405C6F5EDAC}.Release|Any CPU.Build.0 = Release|Any CPU
		{88893A73-6B68-402A-AF23-0923F7AEADA5}.Debug|Any CPU.ActiveCfg = Debug|Any CPU
		{88893A73-6B68-402A-AF23-0923F7AEADA5}.Debug|Any CPU.Build.0 = Debug|Any CPU
		{88893A73-6B68-402A-AF23-0923F7AEADA5}.Release|Any CPU.ActiveCfg = Release|Any CPU
		{88893A73-6B68-402A-AF23-0923F7AEADA5}.Release|Any CPU.Build.0 = Release|Any CPU
	EndGlobalSection
EndGlobal
