
Microsoft Visual Studio Solution File, Format Version 12.00
# Visual Studio Version 17
VisualStudioVersion = 17.9.34701.34
MinimumVisualStudioVersion = 10.0.40219.1
Project("{FAE04EC0-301F-11D3-BF4B-00C04F79EFBC}") = "ConnectFour", "ConnectFour.csproj", "{F61465C1-9A03-4C01-A8AC-06E8F1641D46}"
EndProject
Global
	GlobalSection(SolutionConfigurationPlatforms) = preSolution
		Debug|Any CPU = Debug|Any CPU
		Release|Any CPU = Release|Any CPU
	EndGlobalSection
	GlobalSection(ProjectConfigurationPlatforms) = postSolution
		{F61465C1-9A03-4C01-A8AC-06E8F1641D46}.Debug|Any CPU.ActiveCfg = Debug|Any CPU
		{F61465C1-9A03-4C01-A8AC-06E8F1641D46}.Debug|Any CPU.Build.0 = Debug|Any CPU
		{F61465C1-9A03-4C01-A8AC-06E8F1641D46}.Release|Any CPU.ActiveCfg = Release|Any CPU
		{F61465C1-9A03-4C01-A8AC-06E8F1641D46}.Release|Any CPU.Build.0 = Release|Any CPU
	EndGlobalSection
	GlobalSection(SolutionProperties) = preSolution
		HideSolutionNode = FALSE
	EndGlobalSection
	GlobalSection(ExtensibilityGlobals) = postSolution
		SolutionGuid = {1512C03A-9D9F-47D4-A2DC-573F0BE4A402}
	EndGlobalSection
EndGlobal
